
Microsoft Visual Studio Solution File, Format Version 12.00
# Visual Studio Version 17
VisualStudioVersion = 17.0.32014.148
MinimumVisualStudioVersion = 10.0.40219.1
Project("{2150E333-8FDC-42A3-9474-1A3956D46DE8}") = "FrontEnd", "FrontEnd", "{E306DC8F-9C8C-4BFF-B42F-0B6FC133EC42}"
EndProject
Project("{2150E333-8FDC-42A3-9474-1A3956D46DE8}") = "Services", "Services", "{7B6D1044-0A0F-4E4C-969C-CAA1FDB746F2}"
EndProject
Project("{9A19103F-16F7-4668-BE54-9A1E7A4F7556}") = "E-Commerce.Web", "E-Commerce.Web\E-Commerce.Web.csproj", "{E50EB7AC-7414-4019-A73E-920857BADD4E}"
EndProject
Project("{9A19103F-16F7-4668-BE54-9A1E7A4F7556}") = "E-Commerce.API", "E-Commerce.API\E-Commerce.API.csproj", "{7185740A-B1D7-486D-9F98-F898C63BBE7B}"
EndProject
Project("{9A19103F-16F7-4668-BE54-9A1E7A4F7556}") = "E-Commerce.IdentutyServer", "E-Commerce.IdentutyServer\E-Commerce.IdentutyServer.csproj", "{3569CEA1-9217-4927-A846-7B5E0293451C}"
EndProject
Global
	GlobalSection(SolutionConfigurationPlatforms) = preSolution
		Debug|Any CPU = Debug|Any CPU
		Release|Any CPU = Release|Any CPU
	EndGlobalSection
	GlobalSection(ProjectConfigurationPlatforms) = postSolution
		{E50EB7AC-7414-4019-A73E-920857BADD4E}.Debug|Any CPU.ActiveCfg = Debug|Any CPU
		{E50EB7AC-7414-4019-A73E-920857BADD4E}.Debug|Any CPU.Build.0 = Debug|Any CPU
		{E50EB7AC-7414-4019-A73E-920857BADD4E}.Release|Any CPU.ActiveCfg = Release|Any CPU
		{E50EB7AC-7414-4019-A73E-920857BADD4E}.Release|Any CPU.Build.0 = Release|Any CPU
		{7185740A-B1D7-486D-9F98-F898C63BBE7B}.Debug|Any CPU.ActiveCfg = Debug|Any CPU
		{7185740A-B1D7-486D-9F98-F898C63BBE7B}.Debug|Any CPU.Build.0 = Debug|Any CPU
		{7185740A-B1D7-486D-9F98-F898C63BBE7B}.Release|Any CPU.ActiveCfg = Release|Any CPU
		{7185740A-B1D7-486D-9F98-F898C63BBE7B}.Release|Any CPU.Build.0 = Release|Any CPU
		{3569CEA1-9217-4927-A846-7B5E0293451C}.Debug|Any CPU.ActiveCfg = Debug|Any CPU
		{3569CEA1-9217-4927-A846-7B5E0293451C}.Debug|Any CPU.Build.0 = Debug|Any CPU
		{3569CEA1-9217-4927-A846-7B5E0293451C}.Release|Any CPU.ActiveCfg = Release|Any CPU
		{3569CEA1-9217-4927-A846-7B5E0293451C}.Release|Any CPU.Build.0 = Release|Any CPU
	EndGlobalSection
	GlobalSection(SolutionProperties) = preSolution
		HideSolutionNode = FALSE
	EndGlobalSection
	GlobalSection(NestedProjects) = preSolution
		{E50EB7AC-7414-4019-A73E-920857BADD4E} = {E306DC8F-9C8C-4BFF-B42F-0B6FC133EC42}
		{7185740A-B1D7-486D-9F98-F898C63BBE7B} = {7B6D1044-0A0F-4E4C-969C-CAA1FDB746F2}
		{3569CEA1-9217-4927-A846-7B5E0293451C} = {7B6D1044-0A0F-4E4C-969C-CAA1FDB746F2}
	EndGlobalSection
	GlobalSection(ExtensibilityGlobals) = postSolution
		SolutionGuid = {D5528A08-B534-4F5D-8CE3-60A7B12250E9}
	EndGlobalSection
EndGlobal
